// !$*UTF8*$!
{
	archiveVersion = 1;
	classes = {
	};
	objectVersion = 50;
	objects = {

/* Begin PBXContainerItemProxy section */
		FD63BED021F8902600D09100 /* PBXContainerItemProxy */ = {
			isa = PBXContainerItemProxy;
			containerPortal = FD63BECC21F8902600D09100 /* BleClient.xcodeproj */;
			proxyType = 2;
			remoteGlobalIDString = D73F06E81D48E17B00AD5963;
			remoteInfo = BleClient;
		};
		FD63BED621F8903000D09100 /* PBXContainerItemProxy */ = {
			isa = PBXContainerItemProxy;
			containerPortal = FD63BED221F8903000D09100 /* BleClientManager.xcodeproj */;
			proxyType = 2;
			remoteGlobalIDString = D73F07A11D49033A00AD5963;
			remoteInfo = BleClientManager;
		};
		FD63BEE721F8925C00D09100 /* PBXContainerItemProxy */ = {
			isa = PBXContainerItemProxy;
			containerPortal = FD63BEDA21F8925C00D09100 /* Rx.xcodeproj */;
			proxyType = 2;
			remoteGlobalIDString = C8165ABC21891AFF00494BEF;
			remoteInfo = RxAtomic;
		};
		FD63BEE921F8925C00D09100 /* PBXContainerItemProxy */ = {
			isa = PBXContainerItemProxy;
			containerPortal = FD63BEDA21F8925C00D09100 /* Rx.xcodeproj */;
			proxyType = 2;
			remoteGlobalIDString = C8A56AD71AD7424700B4673B;
			remoteInfo = RxSwift;
		};
		FD63BEEB21F8925C00D09100 /* PBXContainerItemProxy */ = {
			isa = PBXContainerItemProxy;
			containerPortal = FD63BEDA21F8925C00D09100 /* Rx.xcodeproj */;
			proxyType = 2;
			remoteGlobalIDString = C809396D1B8A71760088E94D;
			remoteInfo = RxCocoa;
		};
		FD63BEED21F8925C00D09100 /* PBXContainerItemProxy */ = {
			isa = PBXContainerItemProxy;
			containerPortal = FD63BEDA21F8925C00D09100 /* Rx.xcodeproj */;
			proxyType = 2;
			remoteGlobalIDString = C8093BC71B8A71F00088E94D;
			remoteInfo = RxBlocking;
		};
		FD63BEEF21F8925C00D09100 /* PBXContainerItemProxy */ = {
			isa = PBXContainerItemProxy;
			containerPortal = FD63BEDA21F8925C00D09100 /* Rx.xcodeproj */;
			proxyType = 2;
			remoteGlobalIDString = C88FA50C1C25C44800CCFEA4;
			remoteInfo = RxTest;
		};
		FD63BEF121F8925C00D09100 /* PBXContainerItemProxy */ = {
			isa = PBXContainerItemProxy;
			containerPortal = FD63BEDA21F8925C00D09100 /* Rx.xcodeproj */;
			proxyType = 2;
			remoteGlobalIDString = C83508C31C386F6F0027C24C;
			remoteInfo = "AllTests-iOS";
		};
		FD63BEF321F8925C00D09100 /* PBXContainerItemProxy */ = {
			isa = PBXContainerItemProxy;
			containerPortal = FD63BEDA21F8925C00D09100 /* Rx.xcodeproj */;
			proxyType = 2;
			remoteGlobalIDString = C83509841C38740E0027C24C;
			remoteInfo = "AllTests-tvOS";
		};
		FD63BEF521F8925C00D09100 /* PBXContainerItemProxy */ = {
			isa = PBXContainerItemProxy;
			containerPortal = FD63BEDA21F8925C00D09100 /* Rx.xcodeproj */;
			proxyType = 2;
			remoteGlobalIDString = C83509941C38742C0027C24C;
			remoteInfo = "AllTests-macOS";
		};
		FD63BEF721F8925C00D09100 /* PBXContainerItemProxy */ = {
			isa = PBXContainerItemProxy;
			containerPortal = FD63BEDA21F8925C00D09100 /* Rx.xcodeproj */;
			proxyType = 2;
			remoteGlobalIDString = C85BA04B1C3878740075D68E;
			remoteInfo = Microoptimizations;
		};
		FD63BEF921F8925C00D09100 /* PBXContainerItemProxy */ = {
			isa = PBXContainerItemProxy;
			containerPortal = FD63BEDA21F8925C00D09100 /* Rx.xcodeproj */;
			proxyType = 2;
			remoteGlobalIDString = C8E8BA551E2C181A00A4AC2C;
			remoteInfo = Benchmarks;
		};
		FD63BF0221F8926300D09100 /* PBXContainerItemProxy */ = {
			isa = PBXContainerItemProxy;
			containerPortal = FD63BEFB21F8926200D09100 /* RxBluetoothKit.xcodeproj */;
			proxyType = 2;
			remoteGlobalIDString = 2666FD841CCE457C005E81CE;
			remoteInfo = "RxBluetoothKit iOS";
		};
		FD63BF0421F8926300D09100 /* PBXContainerItemProxy */ = {
			isa = PBXContainerItemProxy;
			containerPortal = FD63BEFB21F8926200D09100 /* RxBluetoothKit.xcodeproj */;
			proxyType = 2;
			remoteGlobalIDString = 2666FD8D1CCE457C005E81CE;
			remoteInfo = "RxBluetoothKit iOSTests";
		};
		FD63BF0621F8926300D09100 /* PBXContainerItemProxy */ = {
			isa = PBXContainerItemProxy;
			containerPortal = FD63BEFB21F8926200D09100 /* RxBluetoothKit.xcodeproj */;
			proxyType = 2;
			remoteGlobalIDString = 2666FDA31CCE4626005E81CE;
			remoteInfo = "RxBluetoothKit macOS";
		};
		FD63BF0821F8926300D09100 /* PBXContainerItemProxy */ = {
			isa = PBXContainerItemProxy;
			containerPortal = FD63BEFB21F8926200D09100 /* RxBluetoothKit.xcodeproj */;
			proxyType = 2;
			remoteGlobalIDString = 2666FDAC1CCE4626005E81CE;
			remoteInfo = "RxBluetoothKit macOSTests";
		};
/* End PBXContainerItemProxy section */

/* Begin PBXFileReference section */
		FD63BECC21F8902600D09100 /* BleClient.xcodeproj */ = {isa = PBXFileReference; lastKnownFileType = "wrapper.pb-project"; path = BleClient.xcodeproj; sourceTree = "<group>"; };
		FD63BED221F8903000D09100 /* BleClientManager.xcodeproj */ = {isa = PBXFileReference; lastKnownFileType = "wrapper.pb-project"; name = BleClientManager.xcodeproj; path = Sources/BleClientManager/BleClientManager.xcodeproj; sourceTree = "<group>"; };
		FD63BED821F8904600D09100 /* node_modules */ = {isa = PBXFileReference; lastKnownFileType = folder; name = node_modules; path = ../node_modules; sourceTree = "<group>"; };
		FD63BED921F8909A00D09100 /* README.md */ = {isa = PBXFileReference; lastKnownFileType = net.daringfireball.markdown; path = README.md; sourceTree = "<group>"; };
		FD63BEDA21F8925C00D09100 /* Rx.xcodeproj */ = {isa = PBXFileReference; lastKnownFileType = "wrapper.pb-project"; name = Rx.xcodeproj; path = Sources/BleClientManager/Carthage/Checkouts/RxSwift/Rx.xcodeproj; sourceTree = "<group>"; };
		FD63BEFB21F8926200D09100 /* RxBluetoothKit.xcodeproj */ = {isa = PBXFileReference; lastKnownFileType = "wrapper.pb-project"; name = RxBluetoothKit.xcodeproj; path = Sources/BleClientManager/Carthage/Checkouts/RxBluetoothKit/RxBluetoothKit.xcodeproj; sourceTree = "<group>"; };
/* End PBXFileReference section */

/* Begin PBXGroup section */
		FD63BEB321F88F2600D09100 = {
			isa = PBXGroup;
			children = (
				FD63BED921F8909A00D09100 /* README.md */,
				FD63BED821F8904600D09100 /* node_modules */,
				FD63BEFB21F8926200D09100 /* RxBluetoothKit.xcodeproj */,
				FD63BEDA21F8925C00D09100 /* Rx.xcodeproj */,
				FD63BED221F8903000D09100 /* BleClientManager.xcodeproj */,
				FD63BECC21F8902600D09100 /* BleClient.xcodeproj */,
				FD63BEBE21F88F2600D09100 /* Products */,
			);
			sourceTree = "<group>";
		};
		FD63BEBE21F88F2600D09100 /* Products */ = {
			isa = PBXGroup;
			children = (
			);
			name = Products;
			sourceTree = "<group>";
		};
		FD63BECD21F8902600D09100 /* Products */ = {
			isa = PBXGroup;
			children = (
				FD63BED121F8902600D09100 /* libBleClient.a */,
			);
			name = Products;
			sourceTree = "<group>";
		};
		FD63BED321F8903000D09100 /* Products */ = {
			isa = PBXGroup;
			children = (
				FD63BED721F8903000D09100 /* BleClientManager.framework */,
			);
			name = Products;
			sourceTree = "<group>";
		};
		FD63BEDB21F8925C00D09100 /* Products */ = {
			isa = PBXGroup;
			children = (
				FD63BEE821F8925C00D09100 /* RxAtomic.framework */,
				FD63BEEA21F8925C00D09100 /* RxSwift.framework */,
				FD63BEEC21F8925C00D09100 /* RxCocoa.framework */,
				FD63BEEE21F8925C00D09100 /* RxBlocking.framework */,
				FD63BEF021F8925C00D09100 /* RxTest.framework */,
				FD63BEF221F8925C00D09100 /* AllTests-iOS.xctest */,
				FD63BEF421F8925C00D09100 /* AllTests-tvOS.xctest */,
				FD63BEF621F8925C00D09100 /* AllTests-macOS.xctest */,
				FD63BEF821F8925C00D09100 /* PerformanceTests.app */,
				FD63BEFA21F8925C00D09100 /* Benchmarks.xctest */,
			);
			name = Products;
			sourceTree = "<group>";
		};
		FD63BEFC21F8926200D09100 /* Products */ = {
			isa = PBXGroup;
			children = (
				FD63BF0321F8926300D09100 /* RxBluetoothKit.framework */,
				FD63BF0521F8926300D09100 /* RxBluetoothKit iOSTests.xctest */,
				FD63BF0721F8926300D09100 /* RxBluetoothKit.framework */,
				FD63BF0921F8926300D09100 /* RxBluetoothKit macOSTests.xctest */,
			);
			name = Products;
			sourceTree = "<group>";
		};
/* End PBXGroup section */

/* Begin PBXProject section */
		FD63BEB421F88F2600D09100 /* Project object */ = {
			isa = PBXProject;
			attributes = {
				LastUpgradeCheck = 1010;
				ORGANIZATIONNAME = BleClient;
			};
			buildConfigurationList = FD63BEB721F88F2600D09100 /* Build configuration list for PBXProject "BleClient-resolved" */;
			compatibilityVersion = "Xcode 9.3";
			developmentRegion = en;
			hasScannedForEncodings = 0;
			knownRegions = (
				en,
			);
			mainGroup = FD63BEB321F88F2600D09100;
			productRefGroup = FD63BEBE21F88F2600D09100 /* Products */;
			projectDirPath = "";
			projectReferences = (
				{
					ProductGroup = FD63BECD21F8902600D09100 /* Products */;
					ProjectRef = FD63BECC21F8902600D09100 /* BleClient.xcodeproj */;
				},
				{
					ProductGroup = FD63BED321F8903000D09100 /* Products */;
					ProjectRef = FD63BED221F8903000D09100 /* BleClientManager.xcodeproj */;
				},
				{
					ProductGroup = FD63BEDB21F8925C00D09100 /* Products */;
					ProjectRef = FD63BEDA21F8925C00D09100 /* Rx.xcodeproj */;
				},
				{
					ProductGroup = FD63BEFC21F8926200D09100 /* Products */;
					ProjectRef = FD63BEFB21F8926200D09100 /* RxBluetoothKit.xcodeproj */;
				},
			);
			projectRoot = "";
			targets = (
			);
		};
/* End PBXProject section */

/* Begin PBXReferenceProxy section */
		FD63BED121F8902600D09100 /* libBleClient.a */ = {
			isa = PBXReferenceProxy;
			fileType = archive.ar;
			path = libBleClient.a;
			remoteRef = FD63BED021F8902600D09100 /* PBXContainerItemProxy */;
			sourceTree = BUILT_PRODUCTS_DIR;
		};
		FD63BED721F8903000D09100 /* BleClientManager.framework */ = {
			isa = PBXReferenceProxy;
			fileType = wrapper.framework;
			path = BleClientManager.framework;
			remoteRef = FD63BED621F8903000D09100 /* PBXContainerItemProxy */;
			sourceTree = BUILT_PRODUCTS_DIR;
		};
		FD63BEE821F8925C00D09100 /* RxAtomic.framework */ = {
			isa = PBXReferenceProxy;
			fileType = wrapper.framework;
			path = RxAtomic.framework;
			remoteRef = FD63BEE721F8925C00D09100 /* PBXContainerItemProxy */;
			sourceTree = BUILT_PRODUCTS_DIR;
		};
		FD63BEEA21F8925C00D09100 /* RxSwift.framework */ = {
			isa = PBXReferenceProxy;
			fileType = wrapper.framework;
			path = RxSwift.framework;
			remoteRef = FD63BEE921F8925C00D09100 /* PBXContainerItemProxy */;
			sourceTree = BUILT_PRODUCTS_DIR;
		};
		FD63BEEC21F8925C00D09100 /* RxCocoa.framework */ = {
			isa = PBXReferenceProxy;
			fileType = wrapper.framework;
			path = RxCocoa.framework;
			remoteRef = FD63BEEB21F8925C00D09100 /* PBXContainerItemProxy */;
			sourceTree = BUILT_PRODUCTS_DIR;
		};
		FD63BEEE21F8925C00D09100 /* RxBlocking.framework */ = {
			isa = PBXReferenceProxy;
			fileType = wrapper.framework;
			path = RxBlocking.framework;
			remoteRef = FD63BEED21F8925C00D09100 /* PBXContainerItemProxy */;
			sourceTree = BUILT_PRODUCTS_DIR;
		};
		FD63BEF021F8925C00D09100 /* RxTest.framework */ = {
			isa = PBXReferenceProxy;
			fileType = wrapper.framework;
			path = RxTest.framework;
			remoteRef = FD63BEEF21F8925C00D09100 /* PBXContainerItemProxy */;
			sourceTree = BUILT_PRODUCTS_DIR;
		};
		FD63BEF221F8925C00D09100 /* AllTests-iOS.xctest */ = {
			isa = PBXReferenceProxy;
			fileType = wrapper.cfbundle;
			path = "AllTests-iOS.xctest";
			remoteRef = FD63BEF121F8925C00D09100 /* PBXContainerItemProxy */;
			sourceTree = BUILT_PRODUCTS_DIR;
		};
		FD63BEF421F8925C00D09100 /* AllTests-tvOS.xctest */ = {
			isa = PBXReferenceProxy;
			fileType = wrapper.cfbundle;
			path = "AllTests-tvOS.xctest";
			remoteRef = FD63BEF321F8925C00D09100 /* PBXContainerItemProxy */;
			sourceTree = BUILT_PRODUCTS_DIR;
		};
		FD63BEF621F8925C00D09100 /* AllTests-macOS.xctest */ = {
			isa = PBXReferenceProxy;
			fileType = wrapper.cfbundle;
			path = "AllTests-macOS.xctest";
			remoteRef = FD63BEF521F8925C00D09100 /* PBXContainerItemProxy */;
			sourceTree = BUILT_PRODUCTS_DIR;
		};
		FD63BEF821F8925C00D09100 /* PerformanceTests.app */ = {
			isa = PBXReferenceProxy;
			fileType = wrapper.application;
			name = PerformanceTests.app;
			path = Microoptimizations.app;
			remoteRef = FD63BEF721F8925C00D09100 /* PBXContainerItemProxy */;
			sourceTree = BUILT_PRODUCTS_DIR;
		};
		FD63BEFA21F8925C00D09100 /* Benchmarks.xctest */ = {
			isa = PBXReferenceProxy;
			fileType = wrapper.cfbundle;
			path = Benchmarks.xctest;
			remoteRef = FD63BEF921F8925C00D09100 /* PBXContainerItemProxy */;
			sourceTree = BUILT_PRODUCTS_DIR;
		};
		FD63BF0321F8926300D09100 /* RxBluetoothKit.framework */ = {
			isa = PBXReferenceProxy;
			fileType = wrapper.framework;
			path = RxBluetoothKit.framework;
			remoteRef = FD63BF0221F8926300D09100 /* PBXContainerItemProxy */;
			sourceTree = BUILT_PRODUCTS_DIR;
		};
		FD63BF0521F8926300D09100 /* RxBluetoothKit iOSTests.xctest */ = {
			isa = PBXReferenceProxy;
			fileType = wrapper.cfbundle;
			path = "RxBluetoothKit iOSTests.xctest";
			remoteRef = FD63BF0421F8926300D09100 /* PBXContainerItemProxy */;
			sourceTree = BUILT_PRODUCTS_DIR;
		};
		FD63BF0721F8926300D09100 /* RxBluetoothKit.framework */ = {
			isa = PBXReferenceProxy;
			fileType = wrapper.framework;
			path = RxBluetoothKit.framework;
			remoteRef = FD63BF0621F8926300D09100 /* PBXContainerItemProxy */;
			sourceTree = BUILT_PRODUCTS_DIR;
		};
		FD63BF0921F8926300D09100 /* RxBluetoothKit macOSTests.xctest */ = {
			isa = PBXReferenceProxy;
			fileType = wrapper.cfbundle;
			path = "RxBluetoothKit macOSTests.xctest";
			remoteRef = FD63BF0821F8926300D09100 /* PBXContainerItemProxy */;
			sourceTree = BUILT_PRODUCTS_DIR;
		};
/* End PBXReferenceProxy section */

/* Begin XCBuildConfiguration section */
		FD63BEC321F88F2600D09100 /* Debug */ = {
			isa = XCBuildConfiguration;
			buildSettings = {
				ALWAYS_SEARCH_USER_PATHS = NO;
				CLANG_ANALYZER_NONNULL = YES;
				CLANG_ANALYZER_NUMBER_OBJECT_CONVERSION = YES_AGGRESSIVE;
				CLANG_CXX_LANGUAGE_STANDARD = "gnu++14";
				CLANG_CXX_LIBRARY = "libc++";
				CLANG_ENABLE_MODULES = YES;
				CLANG_ENABLE_OBJC_ARC = YES;
				CLANG_ENABLE_OBJC_WEAK = YES;
				CLANG_WARN_BLOCK_CAPTURE_AUTORELEASING = YES;
				CLANG_WARN_BOOL_CONVERSION = YES;
				CLANG_WARN_COMMA = YES;
				CLANG_WARN_CONSTANT_CONVERSION = YES;
				CLANG_WARN_DEPRECATED_OBJC_IMPLEMENTATIONS = YES;
				CLANG_WARN_DIRECT_OBJC_ISA_USAGE = YES_ERROR;
				CLANG_WARN_DOCUMENTATION_COMMENTS = YES;
				CLANG_WARN_EMPTY_BODY = YES;
				CLANG_WARN_ENUM_CONVERSION = YES;
				CLANG_WARN_INFINITE_RECURSION = YES;
				CLANG_WARN_INT_CONVERSION = YES;
				CLANG_WARN_NON_LITERAL_NULL_CONVERSION = YES;
				CLANG_WARN_OBJC_IMPLICIT_RETAIN_SELF = YES;
				CLANG_WARN_OBJC_LITERAL_CONVERSION = YES;
				CLANG_WARN_OBJC_ROOT_CLASS = YES_ERROR;
				CLANG_WARN_RANGE_LOOP_ANALYSIS = YES;
				CLANG_WARN_STRICT_PROTOTYPES = YES;
				CLANG_WARN_SUSPICIOUS_MOVE = YES;
				CLANG_WARN_UNGUARDED_AVAILABILITY = YES_AGGRESSIVE;
				CLANG_WARN_UNREACHABLE_CODE = YES;
				CLANG_WARN__DUPLICATE_METHOD_MATCH = YES;
				CODE_SIGN_IDENTITY = "iPhone Developer";
				COPY_PHASE_STRIP = NO;
				CURRENT_PROJECT_VERSION = 1;
				DEBUG_INFORMATION_FORMAT = dwarf;
				ENABLE_STRICT_OBJC_MSGSEND = YES;
				ENABLE_TESTABILITY = YES;
				GCC_C_LANGUAGE_STANDARD = gnu11;
				GCC_DYNAMIC_NO_PIC = NO;
				GCC_NO_COMMON_BLOCKS = YES;
				GCC_OPTIMIZATION_LEVEL = 0;
				GCC_PREPROCESSOR_DEFINITIONS = (
					"DEBUG=1",
					"$(inherited)",
				);
				GCC_WARN_64_TO_32_BIT_CONVERSION = YES;
				GCC_WARN_ABOUT_RETURN_TYPE = YES_ERROR;
				GCC_WARN_UNDECLARED_SELECTOR = YES;
				GCC_WARN_UNINITIALIZED_AUTOS = YES_AGGRESSIVE;
				GCC_WARN_UNUSED_FUNCTION = YES;
				GCC_WARN_UNUSED_VARIABLE = YES;
				IPHONEOS_DEPLOYMENT_TARGET = 12.1;
				MTL_ENABLE_DEBUG_INFO = INCLUDE_SOURCE;
				MTL_FAST_MATH = YES;
				ONLY_ACTIVE_ARCH = YES;
				SDKROOT = iphoneos;
				SWIFT_ACTIVE_COMPILATION_CONDITIONS = DEBUG;
				SWIFT_OPTIMIZATION_LEVEL = "-Onone";
				VERSIONING_SYSTEM = "apple-generic";
				VERSION_INFO_PREFIX = "";
			};
			name = Debug;
		};
		FD63BEC421F88F2600D09100 /* Release */ = {
			isa = XCBuildConfiguration;
			buildSettings = {
				ALWAYS_SEARCH_USER_PATHS = NO;
				CLANG_ANALYZER_NONNULL = YES;
				CLANG_ANALYZER_NUMBER_OBJECT_CONVERSION = YES_AGGRESSIVE;
				CLANG_CXX_LANGUAGE_STANDARD = "gnu++14";
				CLANG_CXX_LIBRARY = "libc++";
				CLANG_ENABLE_MODULES = YES;
				CLANG_ENABLE_OBJC_ARC = YES;
				CLANG_ENABLE_OBJC_WEAK = YES;
				CLANG_WARN_BLOCK_CAPTURE_AUTORELEASING = YES;
				CLANG_WARN_BOOL_CONVERSION = YES;
				CLANG_WARN_COMMA = YES;
				CLANG_WARN_CONSTANT_CONVERSION = YES;
				CLANG_WARN_DEPRECATED_OBJC_IMPLEMENTATIONS = YES;
				CLANG_WARN_DIRECT_OBJC_ISA_USAGE = YES_ERROR;
				CLANG_WARN_DOCUMENTATION_COMMENTS = YES;
				CLANG_WARN_EMPTY_BODY = YES;
				CLANG_WARN_ENUM_CONVERSION = YES;
				CLANG_WARN_INFINITE_RECURSION = YES;
				CLANG_WARN_INT_CONVERSION = YES;
				CLANG_WARN_NON_LITERAL_NULL_CONVERSION = YES;
				CLANG_WARN_OBJC_IMPLICIT_RETAIN_SELF = YES;
				CLANG_WARN_OBJC_LITERAL_CONVERSION = YES;
				CLANG_WARN_OBJC_ROOT_CLASS = YES_ERROR;
				CLANG_WARN_RANGE_LOOP_ANALYSIS = YES;
				CLANG_WARN_STRICT_PROTOTYPES = YES;
				CLANG_WARN_SUSPICIOUS_MOVE = YES;
				CLANG_WARN_UNGUARDED_AVAILABILITY = YES_AGGRESSIVE;
				CLANG_WARN_UNREACHABLE_CODE = YES;
				CLANG_WARN__DUPLICATE_METHOD_MATCH = YES;
				CODE_SIGN_IDENTITY = "iPhone Developer";
				COPY_PHASE_STRIP = NO;
				CURRENT_PROJECT_VERSION = 1;
				DEBUG_INFORMATION_FORMAT = "dwarf-with-dsym";
				ENABLE_NS_ASSERTIONS = NO;
				ENABLE_STRICT_OBJC_MSGSEND = YES;
				GCC_C_LANGUAGE_STANDARD = gnu11;
				GCC_NO_COMMON_BLOCKS = YES;
				GCC_WARN_64_TO_32_BIT_CONVERSION = YES;
				GCC_WARN_ABOUT_RETURN_TYPE = YES_ERROR;
				GCC_WARN_UNDECLARED_SELECTOR = YES;
				GCC_WARN_UNINITIALIZED_AUTOS = YES_AGGRESSIVE;
				GCC_WARN_UNUSED_FUNCTION = YES;
				GCC_WARN_UNUSED_VARIABLE = YES;
				IPHONEOS_DEPLOYMENT_TARGET = 12.1;
				MTL_ENABLE_DEBUG_INFO = NO;
				MTL_FAST_MATH = YES;
				SDKROOT = iphoneos;
				SWIFT_COMPILATION_MODE = wholemodule;
				SWIFT_OPTIMIZATION_LEVEL = "-O";
				VALIDATE_PRODUCT = YES;
				VERSIONING_SYSTEM = "apple-generic";
				VERSION_INFO_PREFIX = "";
			};
			name = Release;
		};
/* End XCBuildConfiguration section */

/* Begin XCConfigurationList section */
		FD63BEB721F88F2600D09100 /* Build configuration list for PBXProject "BleClient-resolved" */ = {
			isa = XCConfigurationList;
			buildConfigurations = (
				FD63BEC321F88F2600D09100 /* Debug */,
				FD63BEC421F88F2600D09100 /* Release */,
			);
			defaultConfigurationIsVisible = 0;
			defaultConfigurationName = Release;
		};
/* End XCConfigurationList section */
	};
	rootObject = FD63BEB421F88F2600D09100 /* Project object */;
}
