// !$*UTF8*$!
{
	archiveVersion = 1;
	classes = {
	};
	objectVersion = 50;
	objects = {

/* Begin PBXBuildFile section */
		FD63BF4421F8980600D09100 /* AppDelegate.swift in Sources */ = {isa = PBXBuildFile; fileRef = FD63BF4321F8980600D09100 /* AppDelegate.swift */; };
		FD63BF4621F8980600D09100 /* ViewController.swift in Sources */ = {isa = PBXBuildFile; fileRef = FD63BF4521F8980600D09100 /* ViewController.swift */; };
		FD63BF4921F8980600D09100 /* Main.storyboard in Resources */ = {isa = PBXBuildFile; fileRef = FD63BF4721F8980600D09100 /* Main.storyboard */; };
		FD63BF4B21F8980800D09100 /* Assets.xcassets in Resources */ = {isa = PBXBuildFile; fileRef = FD63BF4A21F8980800D09100 /* Assets.xcassets */; };
		FD63BF4E21F8980800D09100 /* LaunchScreen.storyboard in Resources */ = {isa = PBXBuildFile; fileRef = FD63BF4C21F8980800D09100 /* LaunchScreen.storyboard */; };
		FD63BF5921F8980800D09100 /* BleClient_resolved_iOSTests.swift in Sources */ = {isa = PBXBuildFile; fileRef = FD63BF5821F8980800D09100 /* BleClient_resolved_iOSTests.swift */; };
		FD63BF6321F8984900D09100 /* RxSwift.framework in Frameworks */ = {isa = PBXBuildFile; fileRef = FD63BEEA21F8925C00D09100 /* RxSwift.framework */; };
		FD63BF6421F8984900D09100 /* RxSwift.framework in Embed Frameworks */ = {isa = PBXBuildFile; fileRef = FD63BEEA21F8925C00D09100 /* RxSwift.framework */; settings = {ATTRIBUTES = (CodeSignOnCopy, RemoveHeadersOnCopy, ); }; };
		FD63BF8A21F89AF100D09100 /* libcxxreact.a in Frameworks */ = {isa = PBXBuildFile; fileRef = FD63BF2621F896EA00D09100 /* libcxxreact.a */; };
		FD63BF8B21F89AF100D09100 /* libdouble-conversion.a in Frameworks */ = {isa = PBXBuildFile; fileRef = FD63BF3621F896EA00D09100 /* libdouble-conversion.a */; };
		FD63BF8C21F89AF100D09100 /* libjschelpers.a in Frameworks */ = {isa = PBXBuildFile; fileRef = FD63BF2A21F896EA00D09100 /* libjschelpers.a */; };
		FD63BF8D21F89AF100D09100 /* libjsinspector.a in Frameworks */ = {isa = PBXBuildFile; fileRef = FD63BF2E21F896EA00D09100 /* libjsinspector.a */; };
		FD63BF8E21F89AF100D09100 /* libReact.a in Frameworks */ = {isa = PBXBuildFile; fileRef = FD63BF1E21F896EA00D09100 /* libReact.a */; };
		FD63BF8F21F89AF100D09100 /* libthird-party.a in Frameworks */ = {isa = PBXBuildFile; fileRef = FD63BF3221F896EA00D09100 /* libthird-party.a */; };
		FD63BF9021F89AF100D09100 /* libyoga.a in Frameworks */ = {isa = PBXBuildFile; fileRef = FD63BF2221F896EA00D09100 /* libyoga.a */; };
		FD63CAB021F8AE0E00D09100 /* BleClientSwift.framework in Frameworks */ = {isa = PBXBuildFile; fileRef = FD63CAAD21F8ADA400D09100 /* BleClientSwift.framework */; };
		FD63CAB121F8AE0E00D09100 /* BleClientSwift.framework in Embed Frameworks */ = {isa = PBXBuildFile; fileRef = FD63CAAD21F8ADA400D09100 /* BleClientSwift.framework */; settings = {ATTRIBUTES = (CodeSignOnCopy, RemoveHeadersOnCopy, ); }; };
		FD63CAB621F8AE5600D09100 /* libBleClient.a in Frameworks */ = {isa = PBXBuildFile; fileRef = FD63BED121F8902600D09100 /* libBleClient.a */; };
		FD63CB2D21F8B4B700D09100 /* InfoPlist.swift in Sources */ = {isa = PBXBuildFile; fileRef = FD63CB2C21F8B4B700D09100 /* InfoPlist.swift */; };
/* End PBXBuildFile section */

/* Begin PBXContainerItemProxy section */
		FD63BED021F8902600D09100 /* PBXContainerItemProxy */ = {
			isa = PBXContainerItemProxy;
			containerPortal = FD63BECC21F8902600D09100 /* BleClient.xcodeproj */;
			proxyType = 2;
			remoteGlobalIDString = D73F06E81D48E17B00AD5963;
			remoteInfo = BleClient;
		};
		FD63BEE721F8925C00D09100 /* PBXContainerItemProxy */ = {
			isa = PBXContainerItemProxy;
			containerPortal = FD63BEDA21F8925C00D09100 /* Rx.xcodeproj */;
			proxyType = 2;
			remoteGlobalIDString = C8165ABC21891AFF00494BEF;
			remoteInfo = RxAtomic;
		};
		FD63BEE921F8925C00D09100 /* PBXContainerItemProxy */ = {
			isa = PBXContainerItemProxy;
			containerPortal = FD63BEDA21F8925C00D09100 /* Rx.xcodeproj */;
			proxyType = 2;
			remoteGlobalIDString = C8A56AD71AD7424700B4673B;
			remoteInfo = RxSwift;
		};
		FD63BEEB21F8925C00D09100 /* PBXContainerItemProxy */ = {
			isa = PBXContainerItemProxy;
			containerPortal = FD63BEDA21F8925C00D09100 /* Rx.xcodeproj */;
			proxyType = 2;
			remoteGlobalIDString = C809396D1B8A71760088E94D;
			remoteInfo = RxCocoa;
		};
		FD63BEED21F8925C00D09100 /* PBXContainerItemProxy */ = {
			isa = PBXContainerItemProxy;
			containerPortal = FD63BEDA21F8925C00D09100 /* Rx.xcodeproj */;
			proxyType = 2;
			remoteGlobalIDString = C8093BC71B8A71F00088E94D;
			remoteInfo = RxBlocking;
		};
		FD63BEEF21F8925C00D09100 /* PBXContainerItemProxy */ = {
			isa = PBXContainerItemProxy;
			containerPortal = FD63BEDA21F8925C00D09100 /* Rx.xcodeproj */;
			proxyType = 2;
			remoteGlobalIDString = C88FA50C1C25C44800CCFEA4;
			remoteInfo = RxTest;
		};
		FD63BEF121F8925C00D09100 /* PBXContainerItemProxy */ = {
			isa = PBXContainerItemProxy;
			containerPortal = FD63BEDA21F8925C00D09100 /* Rx.xcodeproj */;
			proxyType = 2;
			remoteGlobalIDString = C83508C31C386F6F0027C24C;
			remoteInfo = "AllTests-iOS";
		};
		FD63BEF321F8925C00D09100 /* PBXContainerItemProxy */ = {
			isa = PBXContainerItemProxy;
			containerPortal = FD63BEDA21F8925C00D09100 /* Rx.xcodeproj */;
			proxyType = 2;
			remoteGlobalIDString = C83509841C38740E0027C24C;
			remoteInfo = "AllTests-tvOS";
		};
		FD63BEF521F8925C00D09100 /* PBXContainerItemProxy */ = {
			isa = PBXContainerItemProxy;
			containerPortal = FD63BEDA21F8925C00D09100 /* Rx.xcodeproj */;
			proxyType = 2;
			remoteGlobalIDString = C83509941C38742C0027C24C;
			remoteInfo = "AllTests-macOS";
		};
		FD63BEF721F8925C00D09100 /* PBXContainerItemProxy */ = {
			isa = PBXContainerItemProxy;
			containerPortal = FD63BEDA21F8925C00D09100 /* Rx.xcodeproj */;
			proxyType = 2;
			remoteGlobalIDString = C85BA04B1C3878740075D68E;
			remoteInfo = Microoptimizations;
		};
		FD63BEF921F8925C00D09100 /* PBXContainerItemProxy */ = {
			isa = PBXContainerItemProxy;
			containerPortal = FD63BEDA21F8925C00D09100 /* Rx.xcodeproj */;
			proxyType = 2;
			remoteGlobalIDString = C8E8BA551E2C181A00A4AC2C;
			remoteInfo = Benchmarks;
		};
		FD63BF1D21F896EA00D09100 /* PBXContainerItemProxy */ = {
			isa = PBXContainerItemProxy;
			containerPortal = FD63BF0A21F896E900D09100 /* React.xcodeproj */;
			proxyType = 2;
			remoteGlobalIDString = 83CBBA2E1A601D0E00E9B192;
			remoteInfo = React;
		};
		FD63BF1F21F896EA00D09100 /* PBXContainerItemProxy */ = {
			isa = PBXContainerItemProxy;
			containerPortal = FD63BF0A21F896E900D09100 /* React.xcodeproj */;
			proxyType = 2;
			remoteGlobalIDString = 2D2A28131D9B038B00D4039D;
			remoteInfo = "React-tvOS";
		};
		FD63BF2121F896EA00D09100 /* PBXContainerItemProxy */ = {
			isa = PBXContainerItemProxy;
			containerPortal = FD63BF0A21F896E900D09100 /* React.xcodeproj */;
			proxyType = 2;
			remoteGlobalIDString = 3D3C059A1DE3340900C268FA;
			remoteInfo = yoga;
		};
		FD63BF2321F896EA00D09100 /* PBXContainerItemProxy */ = {
			isa = PBXContainerItemProxy;
			containerPortal = FD63BF0A21F896E900D09100 /* React.xcodeproj */;
			proxyType = 2;
			remoteGlobalIDString = 3D3C06751DE3340C00C268FA;
			remoteInfo = "yoga-tvOS";
		};
		FD63BF2521F896EA00D09100 /* PBXContainerItemProxy */ = {
			isa = PBXContainerItemProxy;
			containerPortal = FD63BF0A21F896E900D09100 /* React.xcodeproj */;
			proxyType = 2;
			remoteGlobalIDString = 3D3CD9251DE5FBEC00167DC4;
			remoteInfo = cxxreact;
		};
		FD63BF2721F896EA00D09100 /* PBXContainerItemProxy */ = {
			isa = PBXContainerItemProxy;
			containerPortal = FD63BF0A21F896E900D09100 /* React.xcodeproj */;
			proxyType = 2;
			remoteGlobalIDString = 3D3CD9321DE5FBEE00167DC4;
			remoteInfo = "cxxreact-tvOS";
		};
		FD63BF2921F896EA00D09100 /* PBXContainerItemProxy */ = {
			isa = PBXContainerItemProxy;
			containerPortal = FD63BF0A21F896E900D09100 /* React.xcodeproj */;
			proxyType = 2;
			remoteGlobalIDString = 3D3CD90B1DE5FBD600167DC4;
			remoteInfo = jschelpers;
		};
		FD63BF2B21F896EA00D09100 /* PBXContainerItemProxy */ = {
			isa = PBXContainerItemProxy;
			containerPortal = FD63BF0A21F896E900D09100 /* React.xcodeproj */;
			proxyType = 2;
			remoteGlobalIDString = 3D3CD9181DE5FBD800167DC4;
			remoteInfo = "jschelpers-tvOS";
		};
		FD63BF2D21F896EA00D09100 /* PBXContainerItemProxy */ = {
			isa = PBXContainerItemProxy;
			containerPortal = FD63BF0A21F896E900D09100 /* React.xcodeproj */;
			proxyType = 2;
			remoteGlobalIDString = EBF21BDC1FC498900052F4D5;
			remoteInfo = jsinspector;
		};
		FD63BF2F21F896EA00D09100 /* PBXContainerItemProxy */ = {
			isa = PBXContainerItemProxy;
			containerPortal = FD63BF0A21F896E900D09100 /* React.xcodeproj */;
			proxyType = 2;
			remoteGlobalIDString = EBF21BFA1FC4989A0052F4D5;
			remoteInfo = "jsinspector-tvOS";
		};
		FD63BF3121F896EA00D09100 /* PBXContainerItemProxy */ = {
			isa = PBXContainerItemProxy;
			containerPortal = FD63BF0A21F896E900D09100 /* React.xcodeproj */;
			proxyType = 2;
			remoteGlobalIDString = 139D7ECE1E25DB7D00323FB7;
			remoteInfo = "third-party";
		};
		FD63BF3321F896EA00D09100 /* PBXContainerItemProxy */ = {
			isa = PBXContainerItemProxy;
			containerPortal = FD63BF0A21F896E900D09100 /* React.xcodeproj */;
			proxyType = 2;
			remoteGlobalIDString = 3D383D3C1EBD27B6005632C8;
			remoteInfo = "third-party-tvOS";
		};
		FD63BF3521F896EA00D09100 /* PBXContainerItemProxy */ = {
			isa = PBXContainerItemProxy;
			containerPortal = FD63BF0A21F896E900D09100 /* React.xcodeproj */;
			proxyType = 2;
			remoteGlobalIDString = 139D7E881E25C6D100323FB7;
			remoteInfo = "double-conversion";
		};
		FD63BF3721F896EA00D09100 /* PBXContainerItemProxy */ = {
			isa = PBXContainerItemProxy;
			containerPortal = FD63BF0A21F896E900D09100 /* React.xcodeproj */;
			proxyType = 2;
			remoteGlobalIDString = 3D383D621EBD27B9005632C8;
			remoteInfo = "double-conversion-tvOS";
		};
		FD63BF3921F896EA00D09100 /* PBXContainerItemProxy */ = {
			isa = PBXContainerItemProxy;
			containerPortal = FD63BF0A21F896E900D09100 /* React.xcodeproj */;
			proxyType = 2;
			remoteGlobalIDString = 9936F3131F5F2E4B0010BF04;
			remoteInfo = privatedata;
		};
		FD63BF3B21F896EA00D09100 /* PBXContainerItemProxy */ = {
			isa = PBXContainerItemProxy;
			containerPortal = FD63BF0A21F896E900D09100 /* React.xcodeproj */;
			proxyType = 2;
			remoteGlobalIDString = 9936F32F1F5F2E5B0010BF04;
			remoteInfo = "privatedata-tvOS";
		};
		FD63BF5521F8980800D09100 /* PBXContainerItemProxy */ = {
			isa = PBXContainerItemProxy;
			containerPortal = FD63BEB421F88F2600D09100 /* Project object */;
			proxyType = 1;
			remoteGlobalIDString = FD63BF4021F8980600D09100;
			remoteInfo = "BleClient-resolved-iOS";
		};
		FD63BF6521F8984900D09100 /* PBXContainerItemProxy */ = {
			isa = PBXContainerItemProxy;
			containerPortal = FD63BEDA21F8925C00D09100 /* Rx.xcodeproj */;
			proxyType = 1;
			remoteGlobalIDString = C8A56AD61AD7424700B4673B;
			remoteInfo = RxSwift;
		};
		FD63BF7A21F89ACC00D09100 /* PBXContainerItemProxy */ = {
			isa = PBXContainerItemProxy;
			containerPortal = FD63BF0A21F896E900D09100 /* React.xcodeproj */;
			proxyType = 1;
			remoteGlobalIDString = 83CBBA2D1A601D0E00E9B192;
			remoteInfo = React;
		};
		FD63CAAC21F8ADA400D09100 /* PBXContainerItemProxy */ = {
			isa = PBXContainerItemProxy;
			containerPortal = FD63BECC21F8902600D09100 /* BleClient.xcodeproj */;
			proxyType = 2;
			remoteGlobalIDString = FD63BFE321F8A76200D09100;
			remoteInfo = "BleClientSwift-iOS";
		};
		FD63CAAE21F8ADA400D09100 /* PBXContainerItemProxy */ = {
			isa = PBXContainerItemProxy;
			containerPortal = FD63BECC21F8902600D09100 /* BleClient.xcodeproj */;
			proxyType = 2;
			remoteGlobalIDString = FD63BFEB21F8A76200D09100;
			remoteInfo = BleClientSwiftTests;
		};
		FD63CAB221F8AE0E00D09100 /* PBXContainerItemProxy */ = {
			isa = PBXContainerItemProxy;
			containerPortal = FD63BECC21F8902600D09100 /* BleClient.xcodeproj */;
			proxyType = 1;
			remoteGlobalIDString = FD63BFE221F8A76200D09100;
			remoteInfo = "BleClientSwift-iOS";
		};
		FD63CAB421F8AE4900D09100 /* PBXContainerItemProxy */ = {
			isa = PBXContainerItemProxy;
			containerPortal = FD63BECC21F8902600D09100 /* BleClient.xcodeproj */;
			proxyType = 1;
			remoteGlobalIDString = D73F06E71D48E17B00AD5963;
			remoteInfo = BleClient;
		};
/* End PBXContainerItemProxy section */

/* Begin PBXCopyFilesBuildPhase section */
		FD63BF6721F8984900D09100 /* Embed Frameworks */ = {
			isa = PBXCopyFilesBuildPhase;
			buildActionMask = 2147483647;
			dstPath = "";
			dstSubfolderSpec = 10;
			files = (
				FD63BF6421F8984900D09100 /* RxSwift.framework in Embed Frameworks */,
				FD63CAB121F8AE0E00D09100 /* BleClientSwift.framework in Embed Frameworks */,
			);
			name = "Embed Frameworks";
			runOnlyForDeploymentPostprocessing = 0;
		};
/* End PBXCopyFilesBuildPhase section */

/* Begin PBXFileReference section */
		FD63BECC21F8902600D09100 /* BleClient.xcodeproj */ = {isa = PBXFileReference; lastKnownFileType = "wrapper.pb-project"; path = BleClient.xcodeproj; sourceTree = "<group>"; };
		FD63BED821F8904600D09100 /* node_modules */ = {isa = PBXFileReference; lastKnownFileType = folder; name = node_modules; path = ../node_modules; sourceTree = "<group>"; };
		FD63BED921F8909A00D09100 /* README.md */ = {isa = PBXFileReference; lastKnownFileType = net.daringfireball.markdown; path = README.md; sourceTree = "<group>"; };
		FD63BEDA21F8925C00D09100 /* Rx.xcodeproj */ = {isa = PBXFileReference; lastKnownFileType = "wrapper.pb-project"; name = Rx.xcodeproj; path = Sources/BleClientManager/Carthage/Checkouts/RxSwift/Rx.xcodeproj; sourceTree = "<group>"; };
		FD63BF0A21F896E900D09100 /* React.xcodeproj */ = {isa = PBXFileReference; lastKnownFileType = "wrapper.pb-project"; name = React.xcodeproj; path = "../node_modules/react-native/React/React.xcodeproj"; sourceTree = "<group>"; };
		FD63BF4121F8980600D09100 /* BleClient-resolved-iOS.app */ = {isa = PBXFileReference; explicitFileType = wrapper.application; includeInIndex = 0; path = "BleClient-resolved-iOS.app"; sourceTree = BUILT_PRODUCTS_DIR; };
		FD63BF4321F8980600D09100 /* AppDelegate.swift */ = {isa = PBXFileReference; lastKnownFileType = sourcecode.swift; path = AppDelegate.swift; sourceTree = "<group>"; };
		FD63BF4521F8980600D09100 /* ViewController.swift */ = {isa = PBXFileReference; lastKnownFileType = sourcecode.swift; path = ViewController.swift; sourceTree = "<group>"; };
		FD63BF4821F8980600D09100 /* Base */ = {isa = PBXFileReference; lastKnownFileType = file.storyboard; name = Base; path = Base.lproj/Main.storyboard; sourceTree = "<group>"; };
		FD63BF4A21F8980800D09100 /* Assets.xcassets */ = {isa = PBXFileReference; lastKnownFileType = folder.assetcatalog; path = Assets.xcassets; sourceTree = "<group>"; };
		FD63BF4D21F8980800D09100 /* Base */ = {isa = PBXFileReference; lastKnownFileType = file.storyboard; name = Base; path = Base.lproj/LaunchScreen.storyboard; sourceTree = "<group>"; };
		FD63BF4F21F8980800D09100 /* Info.plist */ = {isa = PBXFileReference; lastKnownFileType = text.plist.xml; path = Info.plist; sourceTree = "<group>"; };
		FD63BF5421F8980800D09100 /* BleClient-resolved-iOSTests.xctest */ = {isa = PBXFileReference; explicitFileType = wrapper.cfbundle; includeInIndex = 0; path = "BleClient-resolved-iOSTests.xctest"; sourceTree = BUILT_PRODUCTS_DIR; };
		FD63BF5821F8980800D09100 /* BleClient_resolved_iOSTests.swift */ = {isa = PBXFileReference; lastKnownFileType = sourcecode.swift; path = BleClient_resolved_iOSTests.swift; sourceTree = "<group>"; };
		FD63BF5A21F8980800D09100 /* Info.plist */ = {isa = PBXFileReference; lastKnownFileType = text.plist.xml; path = Info.plist; sourceTree = "<group>"; };
		FD63CB2C21F8B4B700D09100 /* InfoPlist.swift */ = {isa = PBXFileReference; lastKnownFileType = sourcecode.swift; path = InfoPlist.swift; sourceTree = "<group>"; };
/* End PBXFileReference section */

/* Begin PBXFrameworksBuildPhase section */
		FD63BF3E21F8980600D09100 /* Frameworks */ = {
			isa = PBXFrameworksBuildPhase;
			buildActionMask = 2147483647;
			files = (
				FD63BF8E21F89AF100D09100 /* libReact.a in Frameworks */,
				FD63BF8A21F89AF100D09100 /* libcxxreact.a in Frameworks */,
				FD63BF8B21F89AF100D09100 /* libdouble-conversion.a in Frameworks */,
				FD63BF8C21F89AF100D09100 /* libjschelpers.a in Frameworks */,
				FD63BF8D21F89AF100D09100 /* libjsinspector.a in Frameworks */,
				FD63BF8F21F89AF100D09100 /* libthird-party.a in Frameworks */,
				FD63BF9021F89AF100D09100 /* libyoga.a in Frameworks */,
				FD63CAB621F8AE5600D09100 /* libBleClient.a in Frameworks */,
				FD63CAB021F8AE0E00D09100 /* BleClientSwift.framework in Frameworks */,
				FD63BF6321F8984900D09100 /* RxSwift.framework in Frameworks */,
			);
			runOnlyForDeploymentPostprocessing = 0;
		};
		FD63BF5121F8980800D09100 /* Frameworks */ = {
			isa = PBXFrameworksBuildPhase;
			buildActionMask = 2147483647;
			files = (
			);
			runOnlyForDeploymentPostprocessing = 0;
		};
/* End PBXFrameworksBuildPhase section */

/* Begin PBXGroup section */
		FD63BEB321F88F2600D09100 = {
			isa = PBXGroup;
			children = (
				FD63BED921F8909A00D09100 /* README.md */,
				FD63BFBA21F89E3100D09100 /* Sources */,
				FD63BFBB21F89E4900D09100 /* Tests */,
				FD63BED821F8904600D09100 /* node_modules */,
				FD63BF0A21F896E900D09100 /* React.xcodeproj */,
				FD63BEDA21F8925C00D09100 /* Rx.xcodeproj */,
				FD63BECC21F8902600D09100 /* BleClient.xcodeproj */,
				FD63BEBE21F88F2600D09100 /* Products */,
				FD63BF6121F8982A00D09100 /* Frameworks */,
			);
			sourceTree = "<group>";
		};
		FD63BEBE21F88F2600D09100 /* Products */ = {
			isa = PBXGroup;
			children = (
				FD63BF4121F8980600D09100 /* BleClient-resolved-iOS.app */,
				FD63BF5421F8980800D09100 /* BleClient-resolved-iOSTests.xctest */,
			);
			name = Products;
			sourceTree = "<group>";
		};
		FD63BECD21F8902600D09100 /* Products */ = {
			isa = PBXGroup;
			children = (
				FD63BED121F8902600D09100 /* libBleClient.a */,
				FD63CAAD21F8ADA400D09100 /* BleClientSwift.framework */,
				FD63CAAF21F8ADA400D09100 /* BleClientSwiftTests.xctest */,
			);
			name = Products;
			sourceTree = "<group>";
		};
		FD63BEDB21F8925C00D09100 /* Products */ = {
			isa = PBXGroup;
			children = (
				FD63BEE821F8925C00D09100 /* RxAtomic.framework */,
				FD63BEEA21F8925C00D09100 /* RxSwift.framework */,
				FD63BEEC21F8925C00D09100 /* RxCocoa.framework */,
				FD63BEEE21F8925C00D09100 /* RxBlocking.framework */,
				FD63BEF021F8925C00D09100 /* RxTest.framework */,
				FD63BEF221F8925C00D09100 /* AllTests-iOS.xctest */,
				FD63BEF421F8925C00D09100 /* AllTests-tvOS.xctest */,
				FD63BEF621F8925C00D09100 /* AllTests-macOS.xctest */,
				FD63BEF821F8925C00D09100 /* PerformanceTests.app */,
				FD63BEFA21F8925C00D09100 /* Benchmarks.xctest */,
			);
			name = Products;
			sourceTree = "<group>";
		};
		FD63BF0B21F896E900D09100 /* Products */ = {
			isa = PBXGroup;
			children = (
				FD63BF1E21F896EA00D09100 /* libReact.a */,
				FD63BF2021F896EA00D09100 /* libReact.a */,
				FD63BF2221F896EA00D09100 /* libyoga.a */,
				FD63BF2421F896EA00D09100 /* libyoga.a */,
				FD63BF2621F896EA00D09100 /* libcxxreact.a */,
				FD63BF2821F896EA00D09100 /* libcxxreact.a */,
				FD63BF2A21F896EA00D09100 /* libjschelpers.a */,
				FD63BF2C21F896EA00D09100 /* libjschelpers.a */,
				FD63BF2E21F896EA00D09100 /* libjsinspector.a */,
				FD63BF3021F896EA00D09100 /* libjsinspector-tvOS.a */,
				FD63BF3221F896EA00D09100 /* libthird-party.a */,
				FD63BF3421F896EA00D09100 /* libthird-party.a */,
				FD63BF3621F896EA00D09100 /* libdouble-conversion.a */,
				FD63BF3821F896EA00D09100 /* libdouble-conversion.a */,
				FD63BF3A21F896EA00D09100 /* libprivatedata.a */,
				FD63BF3C21F896EA00D09100 /* libprivatedata-tvOS.a */,
			);
			name = Products;
			sourceTree = "<group>";
		};
		FD63BF4221F8980600D09100 /* BleClient-resolved-iOS */ = {
			isa = PBXGroup;
			children = (
				FD63BF4321F8980600D09100 /* AppDelegate.swift */,
				FD63BF4521F8980600D09100 /* ViewController.swift */,
				FD63BF4721F8980600D09100 /* Main.storyboard */,
				FD63BF4A21F8980800D09100 /* Assets.xcassets */,
				FD63BF4C21F8980800D09100 /* LaunchScreen.storyboard */,
				FD63BF4F21F8980800D09100 /* Info.plist */,
				FD63CB2C21F8B4B700D09100 /* InfoPlist.swift */,
			);
			name = "BleClient-resolved-iOS";
			path = "../Sources/BleClient-resolved-iOS";
			sourceTree = "<group>";
		};
		FD63BF5721F8980800D09100 /* BleClient-resolved-iOSTests */ = {
			isa = PBXGroup;
			children = (
				FD63BF5821F8980800D09100 /* BleClient_resolved_iOSTests.swift */,
				FD63BF5A21F8980800D09100 /* Info.plist */,
			);
			path = "BleClient-resolved-iOSTests";
			sourceTree = "<group>";
		};
		FD63BF6121F8982A00D09100 /* Frameworks */ = {
			isa = PBXGroup;
			children = (
			);
			name = Frameworks;
			sourceTree = "<group>";
		};
		FD63BFBA21F89E3100D09100 /* Sources */ = {
			isa = PBXGroup;
			children = (
				FD63BF4221F8980600D09100 /* BleClient-resolved-iOS */,
			);
			name = Sources;
			path = "New Group";
			sourceTree = "<group>";
		};
		FD63BFBB21F89E4900D09100 /* Tests */ = {
			isa = PBXGroup;
			children = (
				FD63BF5721F8980800D09100 /* BleClient-resolved-iOSTests */,
			);
			path = Tests;
			sourceTree = "<group>";
		};
/* End PBXGroup section */

/* Begin PBXNativeTarget section */
		FD63BF4021F8980600D09100 /* BleClient-resolved-iOS */ = {
			isa = PBXNativeTarget;
			buildConfigurationList = FD63BF5B21F8980800D09100 /* Build configuration list for PBXNativeTarget "BleClient-resolved-iOS" */;
			buildPhases = (
				FD63BF3D21F8980600D09100 /* Sources */,
				FD63BF3E21F8980600D09100 /* Frameworks */,
				FD63BF3F21F8980600D09100 /* Resources */,
				FD63BF6721F8984900D09100 /* Embed Frameworks */,
			);
			buildRules = (
			);
			dependencies = (
				FD63BF7B21F89ACC00D09100 /* PBXTargetDependency */,
				FD63BF6621F8984900D09100 /* PBXTargetDependency */,
				FD63CAB321F8AE0E00D09100 /* PBXTargetDependency */,
				FD63CAB521F8AE4900D09100 /* PBXTargetDependency */,
			);
			name = "BleClient-resolved-iOS";
			productName = "BleClient-resolved-iOS";
			productReference = FD63BF4121F8980600D09100 /* BleClient-resolved-iOS.app */;
			productType = "com.apple.product-type.application";
		};
		FD63BF5321F8980800D09100 /* BleClient-resolved-iOSTests */ = {
			isa = PBXNativeTarget;
			buildConfigurationList = FD63BF5E21F8980800D09100 /* Build configuration list for PBXNativeTarget "BleClient-resolved-iOSTests" */;
			buildPhases = (
				FD63BF5021F8980800D09100 /* Sources */,
				FD63BF5121F8980800D09100 /* Frameworks */,
				FD63BF5221F8980800D09100 /* Resources */,
			);
			buildRules = (
			);
			dependencies = (
				FD63BF5621F8980800D09100 /* PBXTargetDependency */,
			);
			name = "BleClient-resolved-iOSTests";
			productName = "BleClient-resolved-iOSTests";
			productReference = FD63BF5421F8980800D09100 /* BleClient-resolved-iOSTests.xctest */;
			productType = "com.apple.product-type.bundle.unit-test";
		};
/* End PBXNativeTarget section */

/* Begin PBXProject section */
		FD63BEB421F88F2600D09100 /* Project object */ = {
			isa = PBXProject;
			attributes = {
				LastSwiftUpdateCheck = 1010;
				LastUpgradeCheck = 1010;
				ORGANIZATIONNAME = BleClient;
				TargetAttributes = {
					FD63BF4021F8980600D09100 = {
						CreatedOnToolsVersion = 10.1;
					};
					FD63BF5321F8980800D09100 = {
						CreatedOnToolsVersion = 10.1;
						TestTargetID = FD63BF4021F8980600D09100;
					};
				};
			};
			buildConfigurationList = FD63BEB721F88F2600D09100 /* Build configuration list for PBXProject "BleClient-resolved" */;
			compatibilityVersion = "Xcode 9.3";
			developmentRegion = en;
			hasScannedForEncodings = 0;
			knownRegions = (
				en,
				Base,
			);
			mainGroup = FD63BEB321F88F2600D09100;
			productRefGroup = FD63BEBE21F88F2600D09100 /* Products */;
			projectDirPath = "";
			projectReferences = (
				{
					ProductGroup = FD63BECD21F8902600D09100 /* Products */;
					ProjectRef = FD63BECC21F8902600D09100 /* BleClient.xcodeproj */;
				},
				{
					ProductGroup = FD63BF0B21F896E900D09100 /* Products */;
					ProjectRef = FD63BF0A21F896E900D09100 /* React.xcodeproj */;
				},
				{
					ProductGroup = FD63BEDB21F8925C00D09100 /* Products */;
					ProjectRef = FD63BEDA21F8925C00D09100 /* Rx.xcodeproj */;
				},
			);
			projectRoot = "";
			targets = (
				FD63BF4021F8980600D09100 /* BleClient-resolved-iOS */,
				FD63BF5321F8980800D09100 /* BleClient-resolved-iOSTests */,
			);
		};
/* End PBXProject section */

/* Begin PBXReferenceProxy section */
		FD63BED121F8902600D09100 /* libBleClient.a */ = {
			isa = PBXReferenceProxy;
			fileType = archive.ar;
			path = libBleClient.a;
			remoteRef = FD63BED021F8902600D09100 /* PBXContainerItemProxy */;
			sourceTree = BUILT_PRODUCTS_DIR;
		};
		FD63BEE821F8925C00D09100 /* RxAtomic.framework */ = {
			isa = PBXReferenceProxy;
			fileType = wrapper.framework;
			path = RxAtomic.framework;
			remoteRef = FD63BEE721F8925C00D09100 /* PBXContainerItemProxy */;
			sourceTree = BUILT_PRODUCTS_DIR;
		};
		FD63BEEA21F8925C00D09100 /* RxSwift.framework */ = {
			isa = PBXReferenceProxy;
			fileType = wrapper.framework;
			path = RxSwift.framework;
			remoteRef = FD63BEE921F8925C00D09100 /* PBXContainerItemProxy */;
			sourceTree = BUILT_PRODUCTS_DIR;
		};
		FD63BEEC21F8925C00D09100 /* RxCocoa.framework */ = {
			isa = PBXReferenceProxy;
			fileType = wrapper.framework;
			path = RxCocoa.framework;
			remoteRef = FD63BEEB21F8925C00D09100 /* PBXContainerItemProxy */;
			sourceTree = BUILT_PRODUCTS_DIR;
		};
		FD63BEEE21F8925C00D09100 /* RxBlocking.framework */ = {
			isa = PBXReferenceProxy;
			fileType = wrapper.framework;
			path = RxBlocking.framework;
			remoteRef = FD63BEED21F8925C00D09100 /* PBXContainerItemProxy */;
			sourceTree = BUILT_PRODUCTS_DIR;
		};
		FD63BEF021F8925C00D09100 /* RxTest.framework */ = {
			isa = PBXReferenceProxy;
			fileType = wrapper.framework;
			path = RxTest.framework;
			remoteRef = FD63BEEF21F8925C00D09100 /* PBXContainerItemProxy */;
			sourceTree = BUILT_PRODUCTS_DIR;
		};
		FD63BEF221F8925C00D09100 /* AllTests-iOS.xctest */ = {
			isa = PBXReferenceProxy;
			fileType = wrapper.cfbundle;
			path = "AllTests-iOS.xctest";
			remoteRef = FD63BEF121F8925C00D09100 /* PBXContainerItemProxy */;
			sourceTree = BUILT_PRODUCTS_DIR;
		};
		FD63BEF421F8925C00D09100 /* AllTests-tvOS.xctest */ = {
			isa = PBXReferenceProxy;
			fileType = wrapper.cfbundle;
			path = "AllTests-tvOS.xctest";
			remoteRef = FD63BEF321F8925C00D09100 /* PBXContainerItemProxy */;
			sourceTree = BUILT_PRODUCTS_DIR;
		};
		FD63BEF621F8925C00D09100 /* AllTests-macOS.xctest */ = {
			isa = PBXReferenceProxy;
			fileType = wrapper.cfbundle;
			path = "AllTests-macOS.xctest";
			remoteRef = FD63BEF521F8925C00D09100 /* PBXContainerItemProxy */;
			sourceTree = BUILT_PRODUCTS_DIR;
		};
		FD63BEF821F8925C00D09100 /* PerformanceTests.app */ = {
			isa = PBXReferenceProxy;
			fileType = wrapper.application;
			name = PerformanceTests.app;
			path = Microoptimizations.app;
			remoteRef = FD63BEF721F8925C00D09100 /* PBXContainerItemProxy */;
			sourceTree = BUILT_PRODUCTS_DIR;
		};
		FD63BEFA21F8925C00D09100 /* Benchmarks.xctest */ = {
			isa = PBXReferenceProxy;
			fileType = wrapper.cfbundle;
			path = Benchmarks.xctest;
			remoteRef = FD63BEF921F8925C00D09100 /* PBXContainerItemProxy */;
			sourceTree = BUILT_PRODUCTS_DIR;
		};
		FD63BF1E21F896EA00D09100 /* libReact.a */ = {
			isa = PBXReferenceProxy;
			fileType = archive.ar;
			path = libReact.a;
			remoteRef = FD63BF1D21F896EA00D09100 /* PBXContainerItemProxy */;
			sourceTree = BUILT_PRODUCTS_DIR;
		};
		FD63BF2021F896EA00D09100 /* libReact.a */ = {
			isa = PBXReferenceProxy;
			fileType = archive.ar;
			path = libReact.a;
			remoteRef = FD63BF1F21F896EA00D09100 /* PBXContainerItemProxy */;
			sourceTree = BUILT_PRODUCTS_DIR;
		};
		FD63BF2221F896EA00D09100 /* libyoga.a */ = {
			isa = PBXReferenceProxy;
			fileType = archive.ar;
			path = libyoga.a;
			remoteRef = FD63BF2121F896EA00D09100 /* PBXContainerItemProxy */;
			sourceTree = BUILT_PRODUCTS_DIR;
		};
		FD63BF2421F896EA00D09100 /* libyoga.a */ = {
			isa = PBXReferenceProxy;
			fileType = archive.ar;
			path = libyoga.a;
			remoteRef = FD63BF2321F896EA00D09100 /* PBXContainerItemProxy */;
			sourceTree = BUILT_PRODUCTS_DIR;
		};
		FD63BF2621F896EA00D09100 /* libcxxreact.a */ = {
			isa = PBXReferenceProxy;
			fileType = archive.ar;
			path = libcxxreact.a;
			remoteRef = FD63BF2521F896EA00D09100 /* PBXContainerItemProxy */;
			sourceTree = BUILT_PRODUCTS_DIR;
		};
		FD63BF2821F896EA00D09100 /* libcxxreact.a */ = {
			isa = PBXReferenceProxy;
			fileType = archive.ar;
			path = libcxxreact.a;
			remoteRef = FD63BF2721F896EA00D09100 /* PBXContainerItemProxy */;
			sourceTree = BUILT_PRODUCTS_DIR;
		};
		FD63BF2A21F896EA00D09100 /* libjschelpers.a */ = {
			isa = PBXReferenceProxy;
			fileType = archive.ar;
			path = libjschelpers.a;
			remoteRef = FD63BF2921F896EA00D09100 /* PBXContainerItemProxy */;
			sourceTree = BUILT_PRODUCTS_DIR;
		};
		FD63BF2C21F896EA00D09100 /* libjschelpers.a */ = {
			isa = PBXReferenceProxy;
			fileType = archive.ar;
			path = libjschelpers.a;
			remoteRef = FD63BF2B21F896EA00D09100 /* PBXContainerItemProxy */;
			sourceTree = BUILT_PRODUCTS_DIR;
		};
		FD63BF2E21F896EA00D09100 /* libjsinspector.a */ = {
			isa = PBXReferenceProxy;
			fileType = archive.ar;
			path = libjsinspector.a;
			remoteRef = FD63BF2D21F896EA00D09100 /* PBXContainerItemProxy */;
			sourceTree = BUILT_PRODUCTS_DIR;
		};
		FD63BF3021F896EA00D09100 /* libjsinspector-tvOS.a */ = {
			isa = PBXReferenceProxy;
			fileType = archive.ar;
			path = "libjsinspector-tvOS.a";
			remoteRef = FD63BF2F21F896EA00D09100 /* PBXContainerItemProxy */;
			sourceTree = BUILT_PRODUCTS_DIR;
		};
		FD63BF3221F896EA00D09100 /* libthird-party.a */ = {
			isa = PBXReferenceProxy;
			fileType = archive.ar;
			path = "libthird-party.a";
			remoteRef = FD63BF3121F896EA00D09100 /* PBXContainerItemProxy */;
			sourceTree = BUILT_PRODUCTS_DIR;
		};
		FD63BF3421F896EA00D09100 /* libthird-party.a */ = {
			isa = PBXReferenceProxy;
			fileType = archive.ar;
			path = "libthird-party.a";
			remoteRef = FD63BF3321F896EA00D09100 /* PBXContainerItemProxy */;
			sourceTree = BUILT_PRODUCTS_DIR;
		};
		FD63BF3621F896EA00D09100 /* libdouble-conversion.a */ = {
			isa = PBXReferenceProxy;
			fileType = archive.ar;
			path = "libdouble-conversion.a";
			remoteRef = FD63BF3521F896EA00D09100 /* PBXContainerItemProxy */;
			sourceTree = BUILT_PRODUCTS_DIR;
		};
		FD63BF3821F896EA00D09100 /* libdouble-conversion.a */ = {
			isa = PBXReferenceProxy;
			fileType = archive.ar;
			path = "libdouble-conversion.a";
			remoteRef = FD63BF3721F896EA00D09100 /* PBXContainerItemProxy */;
			sourceTree = BUILT_PRODUCTS_DIR;
		};
		FD63BF3A21F896EA00D09100 /* libprivatedata.a */ = {
			isa = PBXReferenceProxy;
			fileType = archive.ar;
			path = libprivatedata.a;
			remoteRef = FD63BF3921F896EA00D09100 /* PBXContainerItemProxy */;
			sourceTree = BUILT_PRODUCTS_DIR;
		};
		FD63BF3C21F896EA00D09100 /* libprivatedata-tvOS.a */ = {
			isa = PBXReferenceProxy;
			fileType = archive.ar;
			path = "libprivatedata-tvOS.a";
			remoteRef = FD63BF3B21F896EA00D09100 /* PBXContainerItemProxy */;
			sourceTree = BUILT_PRODUCTS_DIR;
		};
		FD63CAAD21F8ADA400D09100 /* BleClientSwift.framework */ = {
			isa = PBXReferenceProxy;
			fileType = wrapper.framework;
			path = BleClientSwift.framework;
			remoteRef = FD63CAAC21F8ADA400D09100 /* PBXContainerItemProxy */;
			sourceTree = BUILT_PRODUCTS_DIR;
		};
		FD63CAAF21F8ADA400D09100 /* BleClientSwiftTests.xctest */ = {
			isa = PBXReferenceProxy;
			fileType = wrapper.cfbundle;
			path = BleClientSwiftTests.xctest;
			remoteRef = FD63CAAE21F8ADA400D09100 /* PBXContainerItemProxy */;
			sourceTree = BUILT_PRODUCTS_DIR;
		};
/* End PBXReferenceProxy section */

/* Begin PBXResourcesBuildPhase section */
		FD63BF3F21F8980600D09100 /* Resources */ = {
			isa = PBXResourcesBuildPhase;
			buildActionMask = 2147483647;
			files = (
				FD63BF4E21F8980800D09100 /* LaunchScreen.storyboard in Resources */,
				FD63BF4B21F8980800D09100 /* Assets.xcassets in Resources */,
				FD63BF4921F8980600D09100 /* Main.storyboard in Resources */,
			);
			runOnlyForDeploymentPostprocessing = 0;
		};
		FD63BF5221F8980800D09100 /* Resources */ = {
			isa = PBXResourcesBuildPhase;
			buildActionMask = 2147483647;
			files = (
			);
			runOnlyForDeploymentPostprocessing = 0;
		};
/* End PBXResourcesBuildPhase section */

/* Begin PBXSourcesBuildPhase section */
		FD63BF3D21F8980600D09100 /* Sources */ = {
			isa = PBXSourcesBuildPhase;
			buildActionMask = 2147483647;
			files = (
				FD63CB2D21F8B4B700D09100 /* InfoPlist.swift in Sources */,
				FD63BF4621F8980600D09100 /* ViewController.swift in Sources */,
				FD63BF4421F8980600D09100 /* AppDelegate.swift in Sources */,
			);
			runOnlyForDeploymentPostprocessing = 0;
		};
		FD63BF5021F8980800D09100 /* Sources */ = {
			isa = PBXSourcesBuildPhase;
			buildActionMask = 2147483647;
			files = (
				FD63BF5921F8980800D09100 /* BleClient_resolved_iOSTests.swift in Sources */,
			);
			runOnlyForDeploymentPostprocessing = 0;
		};
/* End PBXSourcesBuildPhase section */

/* Begin PBXTargetDependency section */
		FD63BF5621F8980800D09100 /* PBXTargetDependency */ = {
			isa = PBXTargetDependency;
			target = FD63BF4021F8980600D09100 /* BleClient-resolved-iOS */;
			targetProxy = FD63BF5521F8980800D09100 /* PBXContainerItemProxy */;
		};
		FD63BF6621F8984900D09100 /* PBXTargetDependency */ = {
			isa = PBXTargetDependency;
			name = RxSwift;
			targetProxy = FD63BF6521F8984900D09100 /* PBXContainerItemProxy */;
		};
		FD63BF7B21F89ACC00D09100 /* PBXTargetDependency */ = {
			isa = PBXTargetDependency;
			name = React;
			targetProxy = FD63BF7A21F89ACC00D09100 /* PBXContainerItemProxy */;
		};
		FD63CAB321F8AE0E00D09100 /* PBXTargetDependency */ = {
			isa = PBXTargetDependency;
			name = "BleClientSwift-iOS";
			targetProxy = FD63CAB221F8AE0E00D09100 /* PBXContainerItemProxy */;
		};
		FD63CAB521F8AE4900D09100 /* PBXTargetDependency */ = {
			isa = PBXTargetDependency;
			name = BleClient;
			targetProxy = FD63CAB421F8AE4900D09100 /* PBXContainerItemProxy */;
		};
/* End PBXTargetDependency section */

/* Begin PBXVariantGroup section */
		FD63BF4721F8980600D09100 /* Main.storyboard */ = {
			isa = PBXVariantGroup;
			children = (
				FD63BF4821F8980600D09100 /* Base */,
			);
			name = Main.storyboard;
			sourceTree = "<group>";
		};
		FD63BF4C21F8980800D09100 /* LaunchScreen.storyboard */ = {
			isa = PBXVariantGroup;
			children = (
				FD63BF4D21F8980800D09100 /* Base */,
			);
			name = LaunchScreen.storyboard;
			sourceTree = "<group>";
		};
/* End PBXVariantGroup section */

/* Begin XCBuildConfiguration section */
		FD63BEC321F88F2600D09100 /* Debug */ = {
			isa = XCBuildConfiguration;
			buildSettings = {
				ALWAYS_SEARCH_USER_PATHS = NO;
				CLANG_ANALYZER_NONNULL = YES;
				CLANG_ANALYZER_NUMBER_OBJECT_CONVERSION = YES_AGGRESSIVE;
				CLANG_CXX_LANGUAGE_STANDARD = "gnu++14";
				CLANG_CXX_LIBRARY = "libc++";
				CLANG_ENABLE_MODULES = YES;
				CLANG_ENABLE_OBJC_ARC = YES;
				CLANG_ENABLE_OBJC_WEAK = YES;
				CLANG_WARN_BLOCK_CAPTURE_AUTORELEASING = YES;
				CLANG_WARN_BOOL_CONVERSION = YES;
				CLANG_WARN_COMMA = YES;
				CLANG_WARN_CONSTANT_CONVERSION = YES;
				CLANG_WARN_DEPRECATED_OBJC_IMPLEMENTATIONS = YES;
				CLANG_WARN_DIRECT_OBJC_ISA_USAGE = YES_ERROR;
				CLANG_WARN_DOCUMENTATION_COMMENTS = YES;
				CLANG_WARN_EMPTY_BODY = YES;
				CLANG_WARN_ENUM_CONVERSION = YES;
				CLANG_WARN_INFINITE_RECURSION = YES;
				CLANG_WARN_INT_CONVERSION = YES;
				CLANG_WARN_NON_LITERAL_NULL_CONVERSION = YES;
				CLANG_WARN_OBJC_IMPLICIT_RETAIN_SELF = YES;
				CLANG_WARN_OBJC_LITERAL_CONVERSION = YES;
				CLANG_WARN_OBJC_ROOT_CLASS = YES_ERROR;
				CLANG_WARN_RANGE_LOOP_ANALYSIS = YES;
				CLANG_WARN_STRICT_PROTOTYPES = YES;
				CLANG_WARN_SUSPICIOUS_MOVE = YES;
				CLANG_WARN_UNGUARDED_AVAILABILITY = YES_AGGRESSIVE;
				CLANG_WARN_UNREACHABLE_CODE = YES;
				CLANG_WARN__DUPLICATE_METHOD_MATCH = YES;
				CODE_SIGN_IDENTITY = "iPhone Developer";
				COPY_PHASE_STRIP = NO;
				CURRENT_PROJECT_VERSION = 1;
				DEBUG_INFORMATION_FORMAT = dwarf;
				ENABLE_STRICT_OBJC_MSGSEND = YES;
				ENABLE_TESTABILITY = YES;
				FRAMEWORK_SEARCH_PATHS = "$(BUILD_DIR)/$(CONFIGURATION)$(EFFECTIVE_PLATFORM_NAME)";
				GCC_C_LANGUAGE_STANDARD = gnu11;
				GCC_DYNAMIC_NO_PIC = NO;
				GCC_NO_COMMON_BLOCKS = YES;
				GCC_OPTIMIZATION_LEVEL = 0;
				GCC_PREPROCESSOR_DEFINITIONS = (
					"DEBUG=1",
					"$(inherited)",
				);
				GCC_WARN_64_TO_32_BIT_CONVERSION = YES;
				GCC_WARN_ABOUT_RETURN_TYPE = YES_ERROR;
				GCC_WARN_UNDECLARED_SELECTOR = YES;
				GCC_WARN_UNINITIALIZED_AUTOS = YES_AGGRESSIVE;
				GCC_WARN_UNUSED_FUNCTION = YES;
				GCC_WARN_UNUSED_VARIABLE = YES;
				HEADER_SEARCH_PATHS = "$(BUILD_DIR)/$(CONFIGURATION)$(EFFECTIVE_PLATFORM_NAME)/inlcude/**";
				IPHONEOS_DEPLOYMENT_TARGET = 12.1;
				LIBRARY_SEARCH_PATHS = "$(BUILD_DIR)/$(CONFIGURATION)$(EFFECTIVE_PLATFORM_NAME)";
				MTL_ENABLE_DEBUG_INFO = INCLUDE_SOURCE;
				MTL_FAST_MATH = YES;
				ONLY_ACTIVE_ARCH = YES;
				SDKROOT = iphoneos;
				SWIFT_ACTIVE_COMPILATION_CONDITIONS = DEBUG;
				SWIFT_OPTIMIZATION_LEVEL = "-Onone";
				VERSIONING_SYSTEM = "apple-generic";
				VERSION_INFO_PREFIX = "";
			};
			name = Debug;
		};
		FD63BEC421F88F2600D09100 /* Release */ = {
			isa = XCBuildConfiguration;
			buildSettings = {
				ALWAYS_SEARCH_USER_PATHS = NO;
				CLANG_ANALYZER_NONNULL = YES;
				CLANG_ANALYZER_NUMBER_OBJECT_CONVERSION = YES_AGGRESSIVE;
				CLANG_CXX_LANGUAGE_STANDARD = "gnu++14";
				CLANG_CXX_LIBRARY = "libc++";
				CLANG_ENABLE_MODULES = YES;
				CLANG_ENABLE_OBJC_ARC = YES;
				CLANG_ENABLE_OBJC_WEAK = YES;
				CLANG_WARN_BLOCK_CAPTURE_AUTORELEASING = YES;
				CLANG_WARN_BOOL_CONVERSION = YES;
				CLANG_WARN_COMMA = YES;
				CLANG_WARN_CONSTANT_CONVERSION = YES;
				CLANG_WARN_DEPRECATED_OBJC_IMPLEMENTATIONS = YES;
				CLANG_WARN_DIRECT_OBJC_ISA_USAGE = YES_ERROR;
				CLANG_WARN_DOCUMENTATION_COMMENTS = YES;
				CLANG_WARN_EMPTY_BODY = YES;
				CLANG_WARN_ENUM_CONVERSION = YES;
				CLANG_WARN_INFINITE_RECURSION = YES;
				CLANG_WARN_INT_CONVERSION = YES;
				CLANG_WARN_NON_LITERAL_NULL_CONVERSION = YES;
				CLANG_WARN_OBJC_IMPLICIT_RETAIN_SELF = YES;
				CLANG_WARN_OBJC_LITERAL_CONVERSION = YES;
				CLANG_WARN_OBJC_ROOT_CLASS = YES_ERROR;
				CLANG_WARN_RANGE_LOOP_ANALYSIS = YES;
				CLANG_WARN_STRICT_PROTOTYPES = YES;
				CLANG_WARN_SUSPICIOUS_MOVE = YES;
				CLANG_WARN_UNGUARDED_AVAILABILITY = YES_AGGRESSIVE;
				CLANG_WARN_UNREACHABLE_CODE = YES;
				CLANG_WARN__DUPLICATE_METHOD_MATCH = YES;
				CODE_SIGN_IDENTITY = "iPhone Developer";
				COPY_PHASE_STRIP = NO;
				CURRENT_PROJECT_VERSION = 1;
				DEBUG_INFORMATION_FORMAT = "dwarf-with-dsym";
				ENABLE_NS_ASSERTIONS = NO;
				ENABLE_STRICT_OBJC_MSGSEND = YES;
				FRAMEWORK_SEARCH_PATHS = "$(BUILD_DIR)/$(CONFIGURATION)$(EFFECTIVE_PLATFORM_NAME)";
				GCC_C_LANGUAGE_STANDARD = gnu11;
				GCC_NO_COMMON_BLOCKS = YES;
				GCC_WARN_64_TO_32_BIT_CONVERSION = YES;
				GCC_WARN_ABOUT_RETURN_TYPE = YES_ERROR;
				GCC_WARN_UNDECLARED_SELECTOR = YES;
				GCC_WARN_UNINITIALIZED_AUTOS = YES_AGGRESSIVE;
				GCC_WARN_UNUSED_FUNCTION = YES;
				GCC_WARN_UNUSED_VARIABLE = YES;
				HEADER_SEARCH_PATHS = "$(BUILD_DIR)/$(CONFIGURATION)$(EFFECTIVE_PLATFORM_NAME)/inlcude/**";
				IPHONEOS_DEPLOYMENT_TARGET = 12.1;
				LIBRARY_SEARCH_PATHS = "$(BUILD_DIR)/$(CONFIGURATION)$(EFFECTIVE_PLATFORM_NAME)";
				MTL_ENABLE_DEBUG_INFO = NO;
				MTL_FAST_MATH = YES;
				SDKROOT = iphoneos;
				SWIFT_COMPILATION_MODE = wholemodule;
				SWIFT_OPTIMIZATION_LEVEL = "-O";
				VALIDATE_PRODUCT = YES;
				VERSIONING_SYSTEM = "apple-generic";
				VERSION_INFO_PREFIX = "";
			};
			name = Release;
		};
		FD63BF5C21F8980800D09100 /* Debug */ = {
			isa = XCBuildConfiguration;
			buildSettings = {
				ALWAYS_EMBED_SWIFT_STANDARD_LIBRARIES = YES;
				ASSETCATALOG_COMPILER_APPICON_NAME = AppIcon;
				CODE_SIGN_STYLE = Automatic;
				INFOPLIST_FILE = "$(SRCROOT)/Sources/BleClient-resolved-iOS/Info.plist";
				LD_RUNPATH_SEARCH_PATHS = (
					"$(inherited)",
					"@executable_path/Frameworks",
				);
				PRODUCT_BUNDLE_IDENTIFIER = "be.bleclient.BleClient-resolved-iOS";
				PRODUCT_NAME = "$(TARGET_NAME)";
				SWIFT_VERSION = 4.2;
				TARGETED_DEVICE_FAMILY = "1,2";
			};
			name = Debug;
		};
		FD63BF5D21F8980800D09100 /* Release */ = {
			isa = XCBuildConfiguration;
			buildSettings = {
				ALWAYS_EMBED_SWIFT_STANDARD_LIBRARIES = YES;
				ASSETCATALOG_COMPILER_APPICON_NAME = AppIcon;
				CODE_SIGN_STYLE = Automatic;
				INFOPLIST_FILE = "$(SRCROOT)/Sources/BleClient-resolved-iOS/Info.plist";
				LD_RUNPATH_SEARCH_PATHS = (
					"$(inherited)",
					"@executable_path/Frameworks",
				);
				PRODUCT_BUNDLE_IDENTIFIER = "be.bleclient.BleClient-resolved-iOS";
				PRODUCT_NAME = "$(TARGET_NAME)";
				SWIFT_VERSION = 4.2;
				TARGETED_DEVICE_FAMILY = "1,2";
			};
			name = Release;
		};
		FD63BF5F21F8980800D09100 /* Debug */ = {
			isa = XCBuildConfiguration;
			buildSettings = {
				ALWAYS_EMBED_SWIFT_STANDARD_LIBRARIES = YES;
				BUNDLE_LOADER = "$(TEST_HOST)";
				CODE_SIGN_STYLE = Automatic;
				INFOPLIST_FILE = "BleClient-resolved-iOSTests/Info.plist";
				LD_RUNPATH_SEARCH_PATHS = (
					"$(inherited)",
					"@executable_path/Frameworks",
					"@loader_path/Frameworks",
				);
				PRODUCT_BUNDLE_IDENTIFIER = "be.bleclient.BleClient-resolved-iOSTests";
				PRODUCT_NAME = "$(TARGET_NAME)";
				SWIFT_VERSION = 4.2;
				TARGETED_DEVICE_FAMILY = "1,2";
				TEST_HOST = "$(BUILT_PRODUCTS_DIR)/BleClient-resolved-iOS.app/BleClient-resolved-iOS";
			};
			name = Debug;
		};
		FD63BF6021F8980800D09100 /* Release */ = {
			isa = XCBuildConfiguration;
			buildSettings = {
				ALWAYS_EMBED_SWIFT_STANDARD_LIBRARIES = YES;
				BUNDLE_LOADER = "$(TEST_HOST)";
				CODE_SIGN_STYLE = Automatic;
				INFOPLIST_FILE = "BleClient-resolved-iOSTests/Info.plist";
				LD_RUNPATH_SEARCH_PATHS = (
					"$(inherited)",
					"@executable_path/Frameworks",
					"@loader_path/Frameworks",
				);
				PRODUCT_BUNDLE_IDENTIFIER = "be.bleclient.BleClient-resolved-iOSTests";
				PRODUCT_NAME = "$(TARGET_NAME)";
				SWIFT_VERSION = 4.2;
				TARGETED_DEVICE_FAMILY = "1,2";
				TEST_HOST = "$(BUILT_PRODUCTS_DIR)/BleClient-resolved-iOS.app/BleClient-resolved-iOS";
			};
			name = Release;
		};
/* End XCBuildConfiguration section */

/* Begin XCConfigurationList section */
		FD63BEB721F88F2600D09100 /* Build configuration list for PBXProject "BleClient-resolved" */ = {
			isa = XCConfigurationList;
			buildConfigurations = (
				FD63BEC321F88F2600D09100 /* Debug */,
				FD63BEC421F88F2600D09100 /* Release */,
			);
			defaultConfigurationIsVisible = 0;
			defaultConfigurationName = Release;
		};
		FD63BF5B21F8980800D09100 /* Build configuration list for PBXNativeTarget "BleClient-resolved-iOS" */ = {
			isa = XCConfigurationList;
			buildConfigurations = (
				FD63BF5C21F8980800D09100 /* Debug */,
				FD63BF5D21F8980800D09100 /* Release */,
			);
			defaultConfigurationIsVisible = 0;
			defaultConfigurationName = Release;
		};
		FD63BF5E21F8980800D09100 /* Build configuration list for PBXNativeTarget "BleClient-resolved-iOSTests" */ = {
			isa = XCConfigurationList;
			buildConfigurations = (
				FD63BF5F21F8980800D09100 /* Debug */,
				FD63BF6021F8980800D09100 /* Release */,
			);
			defaultConfigurationIsVisible = 0;
			defaultConfigurationName = Release;
		};
/* End XCConfigurationList section */
	};
	rootObject = FD63BEB421F88F2600D09100 /* Project object */;
}
